
Microsoft Visual Studio Solution File, Format Version 12.00
# Visual Studio Version 17
VisualStudioVersion = 17.4.33205.214
MinimumVisualStudioVersion = 10.0.40219.1
Project("{FAE04EC0-301F-11D3-BF4B-00C04F79EFBC}") = "ApiRickMorty", "ApiRickMorty\ApiRickMorty.csproj", "{CA448FE6-01CD-49D6-B463-D9736AC0CD2C}"
EndProject
Global
	GlobalSection(SolutionConfigurationPlatforms) = preSolution
		Debug|Any CPU = Debug|Any CPU
		Release|Any CPU = Release|Any CPU
	EndGlobalSection
	GlobalSection(ProjectConfigurationPlatforms) = postSolution
		{CA448FE6-01CD-49D6-B463-D9736AC0CD2C}.Debug|Any CPU.ActiveCfg = Debug|Any CPU
		{CA448FE6-01CD-49D6-B463-D9736AC0CD2C}.Debug|Any CPU.Build.0 = Debug|Any CPU
		{CA448FE6-01CD-49D6-B463-D9736AC0CD2C}.Release|Any CPU.ActiveCfg = Release|Any CPU
		{CA448FE6-01CD-49D6-B463-D9736AC0CD2C}.Release|Any CPU.Build.0 = Release|Any CPU
	EndGlobalSection
	GlobalSection(SolutionProperties) = preSolution
		HideSolutionNode = FALSE
	EndGlobalSection
	GlobalSection(ExtensibilityGlobals) = postSolution
		SolutionGuid = {42C0EAF3-C610-462F-B24F-A69B154CF87A}
	EndGlobalSection
EndGlobal
